
Microsoft Visual Studio Solution File, Format Version 12.00
# Visual Studio Version 17
VisualStudioVersion = 17.5.33516.290
MinimumVisualStudioVersion = 10.0.40219.1
Project("{FAE04EC0-301F-11D3-BF4B-00C04F79EFBC}") = "CryptoProvider.Api", "CryptoProvider.Api\CryptoProvider.Api.csproj", "{A9FBEF2A-8F80-4183-837F-2B64AD5861F8}"
EndProject
Project("{FAE04EC0-301F-11D3-BF4B-00C04F79EFBC}") = "CryptoProvider.Auth", "CryptoProvider.Auth\CryptoProvider.Auth.csproj", "{62F63A14-AE27-47B9-9CD8-FEAAA62FFB49}"
EndProject
Global
	GlobalSection(SolutionConfigurationPlatforms) = preSolution
		Debug|Any CPU = Debug|Any CPU
		Release|Any CPU = Release|Any CPU
	EndGlobalSection
	GlobalSection(ProjectConfigurationPlatforms) = postSolution
		{A9FBEF2A-8F80-4183-837F-2B64AD5861F8}.Debug|Any CPU.ActiveCfg = Debug|Any CPU
		{A9FBEF2A-8F80-4183-837F-2B64AD5861F8}.Debug|Any CPU.Build.0 = Debug|Any CPU
		{A9FBEF2A-8F80-4183-837F-2B64AD5861F8}.Release|Any CPU.ActiveCfg = Release|Any CPU
		{A9FBEF2A-8F80-4183-837F-2B64AD5861F8}.Release|Any CPU.Build.0 = Release|Any CPU
		{62F63A14-AE27-47B9-9CD8-FEAAA62FFB49}.Debug|Any CPU.ActiveCfg = Debug|Any CPU
		{62F63A14-AE27-47B9-9CD8-FEAAA62FFB49}.Debug|Any CPU.Build.0 = Debug|Any CPU
		{62F63A14-AE27-47B9-9CD8-FEAAA62FFB49}.Release|Any CPU.ActiveCfg = Release|Any CPU
		{62F63A14-AE27-47B9-9CD8-FEAAA62FFB49}.Release|Any CPU.Build.0 = Release|Any CPU
	EndGlobalSection
	GlobalSection(SolutionProperties) = preSolution
		HideSolutionNode = FALSE
	EndGlobalSection
	GlobalSection(ExtensibilityGlobals) = postSolution
		SolutionGuid = {25891056-5599-4E98-8CC3-886152E4AED9}
	EndGlobalSection
EndGlobal
